
Microsoft Visual Studio Solution File, Format Version 12.00
# Visual Studio Version 16
VisualStudioVersion = 16.0.29519.181
MinimumVisualStudioVersion = 10.0.40219.1
Project("{FAE04EC0-301F-11D3-BF4B-00C04F79EFBC}") = "Xeber", "Xeber\Xeber.csproj", "{40BB9010-8DD9-4B86-9BEE-0B5D6276929A}"
EndProject
Global
	GlobalSection(SolutionConfigurationPlatforms) = preSolution
		Debug|Any CPU = Debug|Any CPU
		Release|Any CPU = Release|Any CPU
	EndGlobalSection
	GlobalSection(ProjectConfigurationPlatforms) = postSolution
		{40BB9010-8DD9-4B86-9BEE-0B5D6276929A}.Debug|Any CPU.ActiveCfg = Debug|Any CPU
		{40BB9010-8DD9-4B86-9BEE-0B5D6276929A}.Debug|Any CPU.Build.0 = Debug|Any CPU
		{40BB9010-8DD9-4B86-9BEE-0B5D6276929A}.Release|Any CPU.ActiveCfg = Release|Any CPU
		{40BB9010-8DD9-4B86-9BEE-0B5D6276929A}.Release|Any CPU.Build.0 = Release|Any CPU
	EndGlobalSection
	GlobalSection(SolutionProperties) = preSolution
		HideSolutionNode = FALSE
	EndGlobalSection
	GlobalSection(ExtensibilityGlobals) = postSolution
		SolutionGuid = {5A402872-B1B7-4203-AF8C-AC726E4DC3DB}
	EndGlobalSection
EndGlobal
